
Microsoft Visual Studio Solution File, Format Version 12.00
# Visual Studio 15
VisualStudioVersion = 15.0.26124.0
MinimumVisualStudioVersion = 15.0.26124.0
Project("{FAE04EC0-301F-11D3-BF4B-00C04F79EFBC}") = "SearchEngine", "SearchEngine\SearchEngine.csproj", "{2CD0C792-AF68-41E9-9741-BA0BB78D98CE}"
EndProject
Project("{FAE04EC0-301F-11D3-BF4B-00C04F79EFBC}") = "SearchEngine.UnitTests", "SearchEngine.UnitTests\SearchEngine.UnitTests.csproj", "{6DBC953E-F7F7-4143-9B96-D720D2DD6C4C}"
EndProject
Project("{FAE04EC0-301F-11D3-BF4B-00C04F79EFBC}") = "Common", "Common\Common.csproj", "{3ACD9AC9-79DF-40CF-9CA8-240DC37DBBB5}"
EndProject
Global
	GlobalSection(SolutionConfigurationPlatforms) = preSolution
		Debug|Any CPU = Debug|Any CPU
		Debug|x64 = Debug|x64
		Debug|x86 = Debug|x86
		Release|Any CPU = Release|Any CPU
		Release|x64 = Release|x64
		Release|x86 = Release|x86
	EndGlobalSection
	GlobalSection(SolutionProperties) = preSolution
		HideSolutionNode = FALSE
	EndGlobalSection
	GlobalSection(ProjectConfigurationPlatforms) = postSolution
		{2CD0C792-AF68-41E9-9741-BA0BB78D98CE}.Debug|Any CPU.ActiveCfg = Debug|Any CPU
		{2CD0C792-AF68-41E9-9741-BA0BB78D98CE}.Debug|Any CPU.Build.0 = Debug|Any CPU
		{2CD0C792-AF68-41E9-9741-BA0BB78D98CE}.Debug|x64.ActiveCfg = Debug|Any CPU
		{2CD0C792-AF68-41E9-9741-BA0BB78D98CE}.Debug|x64.Build.0 = Debug|Any CPU
		{2CD0C792-AF68-41E9-9741-BA0BB78D98CE}.Debug|x86.ActiveCfg = Debug|Any CPU
		{2CD0C792-AF68-41E9-9741-BA0BB78D98CE}.Debug|x86.Build.0 = Debug|Any CPU
		{2CD0C792-AF68-41E9-9741-BA0BB78D98CE}.Release|Any CPU.ActiveCfg = Release|Any CPU
		{2CD0C792-AF68-41E9-9741-BA0BB78D98CE}.Release|Any CPU.Build.0 = Release|Any CPU
		{2CD0C792-AF68-41E9-9741-BA0BB78D98CE}.Release|x64.ActiveCfg = Release|Any CPU
		{2CD0C792-AF68-41E9-9741-BA0BB78D98CE}.Release|x64.Build.0 = Release|Any CPU
		{2CD0C792-AF68-41E9-9741-BA0BB78D98CE}.Release|x86.ActiveCfg = Release|Any CPU
		{2CD0C792-AF68-41E9-9741-BA0BB78D98CE}.Release|x86.Build.0 = Release|Any CPU
		{6DBC953E-F7F7-4143-9B96-D720D2DD6C4C}.Debug|Any CPU.ActiveCfg = Debug|Any CPU
		{6DBC953E-F7F7-4143-9B96-D720D2DD6C4C}.Debug|Any CPU.Build.0 = Debug|Any CPU
		{6DBC953E-F7F7-4143-9B96-D720D2DD6C4C}.Debug|x64.ActiveCfg = Debug|Any CPU
		{6DBC953E-F7F7-4143-9B96-D720D2DD6C4C}.Debug|x64.Build.0 = Debug|Any CPU
		{6DBC953E-F7F7-4143-9B96-D720D2DD6C4C}.Debug|x86.ActiveCfg = Debug|Any CPU
		{6DBC953E-F7F7-4143-9B96-D720D2DD6C4C}.Debug|x86.Build.0 = Debug|Any CPU
		{6DBC953E-F7F7-4143-9B96-D720D2DD6C4C}.Release|Any CPU.ActiveCfg = Release|Any CPU
		{6DBC953E-F7F7-4143-9B96-D720D2DD6C4C}.Release|Any CPU.Build.0 = Release|Any CPU
		{6DBC953E-F7F7-4143-9B96-D720D2DD6C4C}.Release|x64.ActiveCfg = Release|Any CPU
		{6DBC953E-F7F7-4143-9B96-D720D2DD6C4C}.Release|x64.Build.0 = Release|Any CPU
		{6DBC953E-F7F7-4143-9B96-D720D2DD6C4C}.Release|x86.ActiveCfg = Release|Any CPU
		{6DBC953E-F7F7-4143-9B96-D720D2DD6C4C}.Release|x86.Build.0 = Release|Any CPU
		{3ACD9AC9-79DF-40CF-9CA8-240DC37DBBB5}.Debug|Any CPU.ActiveCfg = Debug|Any CPU
		{3ACD9AC9-79DF-40CF-9CA8-240DC37DBBB5}.Debug|Any CPU.Build.0 = Debug|Any CPU
		{3ACD9AC9-79DF-40CF-9CA8-240DC37DBBB5}.Debug|x64.ActiveCfg = Debug|Any CPU
		{3ACD9AC9-79DF-40CF-9CA8-240DC37DBBB5}.Debug|x64.Build.0 = Debug|Any CPU
		{3ACD9AC9-79DF-40CF-9CA8-240DC37DBBB5}.Debug|x86.ActiveCfg = Debug|Any CPU
		{3ACD9AC9-79DF-40CF-9CA8-240DC37DBBB5}.Debug|x86.Build.0 = Debug|Any CPU
		{3ACD9AC9-79DF-40CF-9CA8-240DC37DBBB5}.Release|Any CPU.ActiveCfg = Release|Any CPU
		{3ACD9AC9-79DF-40CF-9CA8-240DC37DBBB5}.Release|Any CPU.Build.0 = Release|Any CPU
		{3ACD9AC9-79DF-40CF-9CA8-240DC37DBBB5}.Release|x64.ActiveCfg = Release|Any CPU
		{3ACD9AC9-79DF-40CF-9CA8-240DC37DBBB5}.Release|x64.Build.0 = Release|Any CPU
		{3ACD9AC9-79DF-40CF-9CA8-240DC37DBBB5}.Release|x86.ActiveCfg = Release|Any CPU
		{3ACD9AC9-79DF-40CF-9CA8-240DC37DBBB5}.Release|x86.Build.0 = Release|Any CPU
	EndGlobalSection
EndGlobal
